
Microsoft Visual Studio Solution File, Format Version 12.00
# Visual Studio Version 17
VisualStudioVersion = 17.12.35707.178
MinimumVisualStudioVersion = 10.0.40219.1
Project("{8BC9CEB8-8B4A-11D0-8D11-00A0C91BC942}") = "CG2", "00_04.vcxproj", "{E6D58BEE-441C-49C4-89CE-2A8DF1C5020E}"
EndProject
Project("{2150E333-8FDC-42A3-9474-1A3956D46DE8}") = "ソリューション項目", "ソリューション項目", "{2022CB0F-8BAF-F49E-0C48-8EF4C96EC109}"
	ProjectSection(SolutionItems) = preProject
		.editorconfig = .editorconfig
	EndProjectSection
EndProject
Project("{8BC9CEB8-8B4A-11D0-8D11-00A0C91BC942}") = "DirectXTex", "externals\DirectXTex\DirectXTex_Desktop_2022_Win10.vcxproj", "{371B9FA9-4C90-4AC6-A123-ACED756D6C77}"
EndProject
Project("{2150E333-8FDC-42A3-9474-1A3956D46DE8}") = "externals", "externals", "{DDB4EF12-CC4E-5E88-E6FC-71A802F4DE97}"
EndProject
Project("{2150E333-8FDC-42A3-9474-1A3956D46DE8}") = "imgui", "imgui", "{9140D42C-1954-40A7-8897-9DD501808BC7}"
	ProjectSection(SolutionItems) = preProject
		externals\imgui\imconfig.h = externals\imgui\imconfig.h
		externals\imgui\imgui.cpp = externals\imgui\imgui.cpp
		externals\imgui\imgui.h = externals\imgui\imgui.h
		externals\imgui\imgui_demo.cpp = externals\imgui\imgui_demo.cpp
		externals\imgui\imgui_draw.cpp = externals\imgui\imgui_draw.cpp
		externals\imgui\imgui_impl_dx12.cpp = externals\imgui\imgui_impl_dx12.cpp
		externals\imgui\imgui_impl_dx12.h = externals\imgui\imgui_impl_dx12.h
		externals\imgui\imgui_impl_win32.cpp = externals\imgui\imgui_impl_win32.cpp
		externals\imgui\imgui_impl_win32.h = externals\imgui\imgui_impl_win32.h
		externals\imgui\imgui_internal.h = externals\imgui\imgui_internal.h
		externals\imgui\imgui_tables.cpp = externals\imgui\imgui_tables.cpp
		externals\imgui\imgui_widgets.cpp = externals\imgui\imgui_widgets.cpp
		externals\imgui\imstb_rectpack.h = externals\imgui\imstb_rectpack.h
		externals\imgui\imstb_textedit.h = externals\imgui\imstb_textedit.h
		externals\imgui\imstb_truetype.h = externals\imgui\imstb_truetype.h
	EndProjectSection
EndProject
Global
	GlobalSection(SolutionConfigurationPlatforms) = preSolution
		Debug|x64 = Debug|x64
		Development|x64 = Development|x64
		Release|x64 = Release|x64
	EndGlobalSection
	GlobalSection(ProjectConfigurationPlatforms) = postSolution
		{E6D58BEE-441C-49C4-89CE-2A8DF1C5020E}.Debug|x64.ActiveCfg = Debug|x64
		{E6D58BEE-441C-49C4-89CE-2A8DF1C5020E}.Debug|x64.Build.0 = Debug|x64
		{E6D58BEE-441C-49C4-89CE-2A8DF1C5020E}.Development|x64.ActiveCfg = Development|x64
		{E6D58BEE-441C-49C4-89CE-2A8DF1C5020E}.Development|x64.Build.0 = Development|x64
		{E6D58BEE-441C-49C4-89CE-2A8DF1C5020E}.Release|x64.ActiveCfg = Release|x64
		{E6D58BEE-441C-49C4-89CE-2A8DF1C5020E}.Release|x64.Build.0 = Release|x64
		{371B9FA9-4C90-4AC6-A123-ACED756D6C77}.Debug|x64.ActiveCfg = Debug|x64
		{371B9FA9-4C90-4AC6-A123-ACED756D6C77}.Debug|x64.Build.0 = Debug|x64
		{371B9FA9-4C90-4AC6-A123-ACED756D6C77}.Development|x64.ActiveCfg = Development|x64
		{371B9FA9-4C90-4AC6-A123-ACED756D6C77}.Development|x64.Build.0 = Development|x64
		{371B9FA9-4C90-4AC6-A123-ACED756D6C77}.Release|x64.ActiveCfg = Release|x64
		{371B9FA9-4C90-4AC6-A123-ACED756D6C77}.Release|x64.Build.0 = Release|x64
	EndGlobalSection
	GlobalSection(SolutionProperties) = preSolution
		HideSolutionNode = FALSE
	EndGlobalSection
	GlobalSection(NestedProjects) = preSolution
		{9140D42C-1954-40A7-8897-9DD501808BC7} = {DDB4EF12-CC4E-5E88-E6FC-71A802F4DE97}
	EndGlobalSection
	GlobalSection(ExtensibilityGlobals) = postSolution
		SolutionGuid = {EDE894B0-FC85-44F8-B01D-1DD12AE5BDF6}
	EndGlobalSection
EndGlobal
